// !$*UTF8*$!
{
	archiveVersion = 1;
	classes = {
	};
	objectVersion = 50;
	objects = {

/* Begin PBXBuildFile section */
		8080D02F62D488C561F1A4A8 /* Pods_IkmanAssignment.framework in Frameworks */ = {isa = PBXBuildFile; fileRef = FDC4463B0DDEA97F58CC4BAD /* Pods_IkmanAssignment.framework */; };
		922B086B216F8654007CA966 /* AppDelegate.swift in Sources */ = {isa = PBXBuildFile; fileRef = 922B086A216F8654007CA966 /* AppDelegate.swift */; };
		922B086D216F8654007CA966 /* ViewController.swift in Sources */ = {isa = PBXBuildFile; fileRef = 922B086C216F8654007CA966 /* ViewController.swift */; };
		922B0870216F8654007CA966 /* Main.storyboard in Resources */ = {isa = PBXBuildFile; fileRef = 922B086E216F8654007CA966 /* Main.storyboard */; };
		922B0873216F8654007CA966 /* IkmanAssignment.xcdatamodeld in Sources */ = {isa = PBXBuildFile; fileRef = 922B0871216F8654007CA966 /* IkmanAssignment.xcdatamodeld */; };
		922B0875216F8657007CA966 /* Assets.xcassets in Resources */ = {isa = PBXBuildFile; fileRef = 922B0874216F8657007CA966 /* Assets.xcassets */; };
		922B0878216F8657007CA966 /* LaunchScreen.storyboard in Resources */ = {isa = PBXBuildFile; fileRef = 922B0876216F8657007CA966 /* LaunchScreen.storyboard */; };
		922B0883216F8657007CA966 /* IkmanAssignmentTests.swift in Sources */ = {isa = PBXBuildFile; fileRef = 922B0882216F8657007CA966 /* IkmanAssignmentTests.swift */; };
		922B088E216F8657007CA966 /* IkmanAssignmentUITests.swift in Sources */ = {isa = PBXBuildFile; fileRef = 922B088D216F8657007CA966 /* IkmanAssignmentUITests.swift */; };
		C6AA2190A02AD55642BD2F09 /* Pods_IkmanAssignmentUITests.framework in Frameworks */ = {isa = PBXBuildFile; fileRef = 1DD63016BBF2D2C5082C1CBD /* Pods_IkmanAssignmentUITests.framework */; };
		CACA2945B0C7097A80AA3A03 /* Pods_IkmanAssignmentTests.framework in Frameworks */ = {isa = PBXBuildFile; fileRef = 34EC2054B352B95DC6834C59 /* Pods_IkmanAssignmentTests.framework */; };
/* End PBXBuildFile section */

/* Begin PBXContainerItemProxy section */
		922B087F216F8657007CA966 /* PBXContainerItemProxy */ = {
			isa = PBXContainerItemProxy;
			containerPortal = 922B085F216F8654007CA966 /* Project object */;
			proxyType = 1;
			remoteGlobalIDString = 922B0866216F8654007CA966;
			remoteInfo = IkmanAssignment;
		};
		922B088A216F8657007CA966 /* PBXContainerItemProxy */ = {
			isa = PBXContainerItemProxy;
			containerPortal = 922B085F216F8654007CA966 /* Project object */;
			proxyType = 1;
			remoteGlobalIDString = 922B0866216F8654007CA966;
			remoteInfo = IkmanAssignment;
		};
/* End PBXContainerItemProxy section */

/* Begin PBXFileReference section */
		1DD63016BBF2D2C5082C1CBD /* Pods_IkmanAssignmentUITests.framework */ = {isa = PBXFileReference; explicitFileType = wrapper.framework; includeInIndex = 0; path = Pods_IkmanAssignmentUITests.framework; sourceTree = BUILT_PRODUCTS_DIR; };
		33DE2D1BCD63EA2341CCF3A9 /* Pods-IkmanAssignmentTests.debug.xcconfig */ = {isa = PBXFileReference; includeInIndex = 1; lastKnownFileType = text.xcconfig; name = "Pods-IkmanAssignmentTests.debug.xcconfig"; path = "Pods/Target Support Files/Pods-IkmanAssignmentTests/Pods-IkmanAssignmentTests.debug.xcconfig"; sourceTree = "<group>"; };
		34EC2054B352B95DC6834C59 /* Pods_IkmanAssignmentTests.framework */ = {isa = PBXFileReference; explicitFileType = wrapper.framework; includeInIndex = 0; path = Pods_IkmanAssignmentTests.framework; sourceTree = BUILT_PRODUCTS_DIR; };
		915F30D0173C5BDF26A90530 /* Pods-IkmanAssignmentTests.release.xcconfig */ = {isa = PBXFileReference; includeInIndex = 1; lastKnownFileType = text.xcconfig; name = "Pods-IkmanAssignmentTests.release.xcconfig"; path = "Pods/Target Support Files/Pods-IkmanAssignmentTests/Pods-IkmanAssignmentTests.release.xcconfig"; sourceTree = "<group>"; };
		922B0867216F8654007CA966 /* IkmanAssignment.app */ = {isa = PBXFileReference; explicitFileType = wrapper.application; includeInIndex = 0; path = IkmanAssignment.app; sourceTree = BUILT_PRODUCTS_DIR; };
		922B086A216F8654007CA966 /* AppDelegate.swift */ = {isa = PBXFileReference; lastKnownFileType = sourcecode.swift; path = AppDelegate.swift; sourceTree = "<group>"; };
		922B086C216F8654007CA966 /* ViewController.swift */ = {isa = PBXFileReference; lastKnownFileType = sourcecode.swift; path = ViewController.swift; sourceTree = "<group>"; };
		922B086F216F8654007CA966 /* Base */ = {isa = PBXFileReference; lastKnownFileType = file.storyboard; name = Base; path = Base.lproj/Main.storyboard; sourceTree = "<group>"; };
		922B0872216F8654007CA966 /* IkmanAssignment.xcdatamodel */ = {isa = PBXFileReference; lastKnownFileType = wrapper.xcdatamodel; path = IkmanAssignment.xcdatamodel; sourceTree = "<group>"; };
		922B0874216F8657007CA966 /* Assets.xcassets */ = {isa = PBXFileReference; lastKnownFileType = folder.assetcatalog; path = Assets.xcassets; sourceTree = "<group>"; };
		922B0877216F8657007CA966 /* Base */ = {isa = PBXFileReference; lastKnownFileType = file.storyboard; name = Base; path = Base.lproj/LaunchScreen.storyboard; sourceTree = "<group>"; };
		922B0879216F8657007CA966 /* Info.plist */ = {isa = PBXFileReference; lastKnownFileType = text.plist.xml; path = Info.plist; sourceTree = "<group>"; };
		922B087E216F8657007CA966 /* IkmanAssignmentTests.xctest */ = {isa = PBXFileReference; explicitFileType = wrapper.cfbundle; includeInIndex = 0; path = IkmanAssignmentTests.xctest; sourceTree = BUILT_PRODUCTS_DIR; };
		922B0882216F8657007CA966 /* IkmanAssignmentTests.swift */ = {isa = PBXFileReference; lastKnownFileType = sourcecode.swift; path = IkmanAssignmentTests.swift; sourceTree = "<group>"; };
		922B0884216F8657007CA966 /* Info.plist */ = {isa = PBXFileReference; lastKnownFileType = text.plist.xml; path = Info.plist; sourceTree = "<group>"; };
		922B0889216F8657007CA966 /* IkmanAssignmentUITests.xctest */ = {isa = PBXFileReference; explicitFileType = wrapper.cfbundle; includeInIndex = 0; path = IkmanAssignmentUITests.xctest; sourceTree = BUILT_PRODUCTS_DIR; };
		922B088D216F8657007CA966 /* IkmanAssignmentUITests.swift */ = {isa = PBXFileReference; lastKnownFileType = sourcecode.swift; path = IkmanAssignmentUITests.swift; sourceTree = "<group>"; };
		922B088F216F8657007CA966 /* Info.plist */ = {isa = PBXFileReference; lastKnownFileType = text.plist.xml; path = Info.plist; sourceTree = "<group>"; };
		A10153ECA48CA7FE63A3CDB1 /* Pods-IkmanAssignmentUITests.debug.xcconfig */ = {isa = PBXFileReference; includeInIndex = 1; lastKnownFileType = text.xcconfig; name = "Pods-IkmanAssignmentUITests.debug.xcconfig"; path = "Pods/Target Support Files/Pods-IkmanAssignmentUITests/Pods-IkmanAssignmentUITests.debug.xcconfig"; sourceTree = "<group>"; };
		A97D8D98BDD23728919A719B /* Pods-IkmanAssignment.release.xcconfig */ = {isa = PBXFileReference; includeInIndex = 1; lastKnownFileType = text.xcconfig; name = "Pods-IkmanAssignment.release.xcconfig"; path = "Pods/Target Support Files/Pods-IkmanAssignment/Pods-IkmanAssignment.release.xcconfig"; sourceTree = "<group>"; };
		B733B8236322D5DCB865E5DF /* Pods-IkmanAssignmentUITests.release.xcconfig */ = {isa = PBXFileReference; includeInIndex = 1; lastKnownFileType = text.xcconfig; name = "Pods-IkmanAssignmentUITests.release.xcconfig"; path = "Pods/Target Support Files/Pods-IkmanAssignmentUITests/Pods-IkmanAssignmentUITests.release.xcconfig"; sourceTree = "<group>"; };
		D7A7C38F5E9E70792FA29E28 /* Pods-IkmanAssignment.debug.xcconfig */ = {isa = PBXFileReference; includeInIndex = 1; lastKnownFileType = text.xcconfig; name = "Pods-IkmanAssignment.debug.xcconfig"; path = "Pods/Target Support Files/Pods-IkmanAssignment/Pods-IkmanAssignment.debug.xcconfig"; sourceTree = "<group>"; };
		FDC4463B0DDEA97F58CC4BAD /* Pods_IkmanAssignment.framework */ = {isa = PBXFileReference; explicitFileType = wrapper.framework; includeInIndex = 0; path = Pods_IkmanAssignment.framework; sourceTree = BUILT_PRODUCTS_DIR; };
/* End PBXFileReference section */

/* Begin PBXFrameworksBuildPhase section */
		922B0864216F8654007CA966 /* Frameworks */ = {
			isa = PBXFrameworksBuildPhase;
			buildActionMask = 2147483647;
			files = (
				8080D02F62D488C561F1A4A8 /* Pods_IkmanAssignment.framework in Frameworks */,
			);
			runOnlyForDeploymentPostprocessing = 0;
		};
		922B087B216F8657007CA966 /* Frameworks */ = {
			isa = PBXFrameworksBuildPhase;
			buildActionMask = 2147483647;
			files = (
				CACA2945B0C7097A80AA3A03 /* Pods_IkmanAssignmentTests.framework in Frameworks */,
			);
			runOnlyForDeploymentPostprocessing = 0;
		};
		922B0886216F8657007CA966 /* Frameworks */ = {
			isa = PBXFrameworksBuildPhase;
			buildActionMask = 2147483647;
			files = (
				C6AA2190A02AD55642BD2F09 /* Pods_IkmanAssignmentUITests.framework in Frameworks */,
			);
			runOnlyForDeploymentPostprocessing = 0;
		};
/* End PBXFrameworksBuildPhase section */

/* Begin PBXGroup section */
		6354C9098924E18CE2817611 /* Pods */ = {
			isa = PBXGroup;
			children = (
				D7A7C38F5E9E70792FA29E28 /* Pods-IkmanAssignment.debug.xcconfig */,
				A97D8D98BDD23728919A719B /* Pods-IkmanAssignment.release.xcconfig */,
				33DE2D1BCD63EA2341CCF3A9 /* Pods-IkmanAssignmentTests.debug.xcconfig */,
				915F30D0173C5BDF26A90530 /* Pods-IkmanAssignmentTests.release.xcconfig */,
				A10153ECA48CA7FE63A3CDB1 /* Pods-IkmanAssignmentUITests.debug.xcconfig */,
				B733B8236322D5DCB865E5DF /* Pods-IkmanAssignmentUITests.release.xcconfig */,
			);
			name = Pods;
			sourceTree = "<group>";
		};
		6C83643C40F7456098A917B4 /* Frameworks */ = {
			isa = PBXGroup;
			children = (
				FDC4463B0DDEA97F58CC4BAD /* Pods_IkmanAssignment.framework */,
				34EC2054B352B95DC6834C59 /* Pods_IkmanAssignmentTests.framework */,
				1DD63016BBF2D2C5082C1CBD /* Pods_IkmanAssignmentUITests.framework */,
			);
			name = Frameworks;
			sourceTree = "<group>";
		};
		922B085E216F8654007CA966 = {
			isa = PBXGroup;
			children = (
				922B0869216F8654007CA966 /* IkmanAssignment */,
				922B0881216F8657007CA966 /* IkmanAssignmentTests */,
				922B088C216F8657007CA966 /* IkmanAssignmentUITests */,
				922B0868216F8654007CA966 /* Products */,
				6354C9098924E18CE2817611 /* Pods */,
				6C83643C40F7456098A917B4 /* Frameworks */,
			);
			sourceTree = "<group>";
		};
		922B0868216F8654007CA966 /* Products */ = {
			isa = PBXGroup;
			children = (
				922B0867216F8654007CA966 /* IkmanAssignment.app */,
				922B087E216F8657007CA966 /* IkmanAssignmentTests.xctest */,
				922B0889216F8657007CA966 /* IkmanAssignmentUITests.xctest */,
			);
			name = Products;
			sourceTree = "<group>";
		};
		922B0869216F8654007CA966 /* IkmanAssignment */ = {
			isa = PBXGroup;
			children = (
				922B086A216F8654007CA966 /* AppDelegate.swift */,
				922B086C216F8654007CA966 /* ViewController.swift */,
				922B086E216F8654007CA966 /* Main.storyboard */,
				922B0874216F8657007CA966 /* Assets.xcassets */,
				922B0876216F8657007CA966 /* LaunchScreen.storyboard */,
				922B0879216F8657007CA966 /* Info.plist */,
				922B0871216F8654007CA966 /* IkmanAssignment.xcdatamodeld */,
			);
			path = IkmanAssignment;
			sourceTree = "<group>";
		};
		922B0881216F8657007CA966 /* IkmanAssignmentTests */ = {
			isa = PBXGroup;
			children = (
				922B0882216F8657007CA966 /* IkmanAssignmentTests.swift */,
				922B0884216F8657007CA966 /* Info.plist */,
			);
			path = IkmanAssignmentTests;
			sourceTree = "<group>";
		};
		922B088C216F8657007CA966 /* IkmanAssignmentUITests */ = {
			isa = PBXGroup;
			children = (
				922B088D216F8657007CA966 /* IkmanAssignmentUITests.swift */,
				922B088F216F8657007CA966 /* Info.plist */,
			);
			path = IkmanAssignmentUITests;
			sourceTree = "<group>";
		};
/* End PBXGroup section */

/* Begin PBXNativeTarget section */
		922B0866216F8654007CA966 /* IkmanAssignment */ = {
			isa = PBXNativeTarget;
			buildConfigurationList = 922B0892216F8657007CA966 /* Build configuration list for PBXNativeTarget "IkmanAssignment" */;
			buildPhases = (
				9DCAC5761FC4E09D8949DDF0 /* [CP] Check Pods Manifest.lock */,
				922B0863216F8654007CA966 /* Sources */,
				922B0864216F8654007CA966 /* Frameworks */,
				922B0865216F8654007CA966 /* Resources */,
				F78206E7E1579A1963601053 /* [CP] Embed Pods Frameworks */,
			);
			buildRules = (
			);
			dependencies = (
			);
			name = IkmanAssignment;
			productName = IkmanAssignment;
			productReference = 922B0867216F8654007CA966 /* IkmanAssignment.app */;
			productType = "com.apple.product-type.application";
		};
		922B087D216F8657007CA966 /* IkmanAssignmentTests */ = {
			isa = PBXNativeTarget;
			buildConfigurationList = 922B0895216F8657007CA966 /* Build configuration list for PBXNativeTarget "IkmanAssignmentTests" */;
			buildPhases = (
				67D5BA0E7E0D23010F840B9A /* [CP] Check Pods Manifest.lock */,
				922B087A216F8657007CA966 /* Sources */,
				922B087B216F8657007CA966 /* Frameworks */,
				922B087C216F8657007CA966 /* Resources */,
			);
			buildRules = (
			);
			dependencies = (
				922B0880216F8657007CA966 /* PBXTargetDependency */,
			);
			name = IkmanAssignmentTests;
			productName = IkmanAssignmentTests;
			productReference = 922B087E216F8657007CA966 /* IkmanAssignmentTests.xctest */;
			productType = "com.apple.product-type.bundle.unit-test";
		};
		922B0888216F8657007CA966 /* IkmanAssignmentUITests */ = {
			isa = PBXNativeTarget;
			buildConfigurationList = 922B0898216F8657007CA966 /* Build configuration list for PBXNativeTarget "IkmanAssignmentUITests" */;
			buildPhases = (
				F6CF0B6C1A5DDC7A540CBF06 /* [CP] Check Pods Manifest.lock */,
				922B0885216F8657007CA966 /* Sources */,
				922B0886216F8657007CA966 /* Frameworks */,
				922B0887216F8657007CA966 /* Resources */,
			);
			buildRules = (
			);
			dependencies = (
				922B088B216F8657007CA966 /* PBXTargetDependency */,
			);
			name = IkmanAssignmentUITests;
			productName = IkmanAssignmentUITests;
			productReference = 922B0889216F8657007CA966 /* IkmanAssignmentUITests.xctest */;
			productType = "com.apple.product-type.bundle.ui-testing";
		};
/* End PBXNativeTarget section */

/* Begin PBXProject section */
		922B085F216F8654007CA966 /* Project object */ = {
			isa = PBXProject;
			attributes = {
				LastSwiftUpdateCheck = 1000;
				LastUpgradeCheck = 1000;
				ORGANIZATIONNAME = "Hanushka Suren";
				TargetAttributes = {
					922B0866216F8654007CA966 = {
						CreatedOnToolsVersion = 10.0;
					};
					922B087D216F8657007CA966 = {
						CreatedOnToolsVersion = 10.0;
						TestTargetID = 922B0866216F8654007CA966;
					};
					922B0888216F8657007CA966 = {
						CreatedOnToolsVersion = 10.0;
						TestTargetID = 922B0866216F8654007CA966;
					};
				};
			};
			buildConfigurationList = 922B0862216F8654007CA966 /* Build configuration list for PBXProject "IkmanAssignment" */;
			compatibilityVersion = "Xcode 9.3";
			developmentRegion = en;
			hasScannedForEncodings = 0;
			knownRegions = (
				en,
				Base,
			);
			mainGroup = 922B085E216F8654007CA966;
			productRefGroup = 922B0868216F8654007CA966 /* Products */;
			projectDirPath = "";
			projectRoot = "";
			targets = (
				922B0866216F8654007CA966 /* IkmanAssignment */,
				922B087D216F8657007CA966 /* IkmanAssignmentTests */,
				922B0888216F8657007CA966 /* IkmanAssignmentUITests */,
			);
		};
/* End PBXProject section */

/* Begin PBXResourcesBuildPhase section */
		922B0865216F8654007CA966 /* Resources */ = {
			isa = PBXResourcesBuildPhase;
			buildActionMask = 2147483647;
			files = (
				922B0878216F8657007CA966 /* LaunchScreen.storyboard in Resources */,
				922B0875216F8657007CA966 /* Assets.xcassets in Resources */,
				922B0870216F8654007CA966 /* Main.storyboard in Resources */,
			);
			runOnlyForDeploymentPostprocessing = 0;
		};
		922B087C216F8657007CA966 /* Resources */ = {
			isa = PBXResourcesBuildPhase;
			buildActionMask = 2147483647;
			files = (
			);
			runOnlyForDeploymentPostprocessing = 0;
		};
		922B0887216F8657007CA966 /* Resources */ = {
			isa = PBXResourcesBuildPhase;
			buildActionMask = 2147483647;
			files = (
			);
			runOnlyForDeploymentPostprocessing = 0;
		};
/* End PBXResourcesBuildPhase section */

/* Begin PBXShellScriptBuildPhase section */
		67D5BA0E7E0D23010F840B9A /* [CP] Check Pods Manifest.lock */ = {
			isa = PBXShellScriptBuildPhase;
			buildActionMask = 2147483647;
			files = (
			);
			inputPaths = (
				"${PODS_PODFILE_DIR_PATH}/Podfile.lock",
				"${PODS_ROOT}/Manifest.lock",
			);
			name = "[CP] Check Pods Manifest.lock";
			outputPaths = (
				"$(DERIVED_FILE_DIR)/Pods-IkmanAssignmentTests-checkManifestLockResult.txt",
			);
			runOnlyForDeploymentPostprocessing = 0;
			shellPath = /bin/sh;
			shellScript = "diff \"${PODS_PODFILE_DIR_PATH}/Podfile.lock\" \"${PODS_ROOT}/Manifest.lock\" > /dev/null\nif [ $? != 0 ] ; then\n    # print error to STDERR\n    echo \"error: The sandbox is not in sync with the Podfile.lock. Run 'pod install' or update your CocoaPods installation.\" >&2\n    exit 1\nfi\n# This output is used by Xcode 'outputs' to avoid re-running this script phase.\necho \"SUCCESS\" > \"${SCRIPT_OUTPUT_FILE_0}\"\n";
			showEnvVarsInLog = 0;
		};
		9DCAC5761FC4E09D8949DDF0 /* [CP] Check Pods Manifest.lock */ = {
			isa = PBXShellScriptBuildPhase;
			buildActionMask = 2147483647;
			files = (
			);
			inputPaths = (
				"${PODS_PODFILE_DIR_PATH}/Podfile.lock",
				"${PODS_ROOT}/Manifest.lock",
			);
			name = "[CP] Check Pods Manifest.lock";
			outputPaths = (
				"$(DERIVED_FILE_DIR)/Pods-IkmanAssignment-checkManifestLockResult.txt",
			);
			runOnlyForDeploymentPostprocessing = 0;
			shellPath = /bin/sh;
			shellScript = "diff \"${PODS_PODFILE_DIR_PATH}/Podfile.lock\" \"${PODS_ROOT}/Manifest.lock\" > /dev/null\nif [ $? != 0 ] ; then\n    # print error to STDERR\n    echo \"error: The sandbox is not in sync with the Podfile.lock. Run 'pod install' or update your CocoaPods installation.\" >&2\n    exit 1\nfi\n# This output is used by Xcode 'outputs' to avoid re-running this script phase.\necho \"SUCCESS\" > \"${SCRIPT_OUTPUT_FILE_0}\"\n";
			showEnvVarsInLog = 0;
		};
		F6CF0B6C1A5DDC7A540CBF06 /* [CP] Check Pods Manifest.lock */ = {
			isa = PBXShellScriptBuildPhase;
			buildActionMask = 2147483647;
			files = (
			);
			inputPaths = (
				"${PODS_PODFILE_DIR_PATH}/Podfile.lock",
				"${PODS_ROOT}/Manifest.lock",
			);
			name = "[CP] Check Pods Manifest.lock";
			outputPaths = (
				"$(DERIVED_FILE_DIR)/Pods-IkmanAssignmentUITests-checkManifestLockResult.txt",
			);
			runOnlyForDeploymentPostprocessing = 0;
			shellPath = /bin/sh;
			shellScript = "diff \"${PODS_PODFILE_DIR_PATH}/Podfile.lock\" \"${PODS_ROOT}/Manifest.lock\" > /dev/null\nif [ $? != 0 ] ; then\n    # print error to STDERR\n    echo \"error: The sandbox is not in sync with the Podfile.lock. Run 'pod install' or update your CocoaPods installation.\" >&2\n    exit 1\nfi\n# This output is used by Xcode 'outputs' to avoid re-running this script phase.\necho \"SUCCESS\" > \"${SCRIPT_OUTPUT_FILE_0}\"\n";
			showEnvVarsInLog = 0;
		};
		F78206E7E1579A1963601053 /* [CP] Embed Pods Frameworks */ = {
			isa = PBXShellScriptBuildPhase;
			buildActionMask = 2147483647;
			files = (
			);
			inputPaths = (
				"${SRCROOT}/Pods/Target Support Files/Pods-IkmanAssignment/Pods-IkmanAssignment-frameworks.sh",
				"${BUILT_PRODUCTS_DIR}/Alamofire/Alamofire.framework",
			);
			name = "[CP] Embed Pods Frameworks";
			outputPaths = (
				"${TARGET_BUILD_DIR}/${FRAMEWORKS_FOLDER_PATH}/Alamofire.framework",
			);
			runOnlyForDeploymentPostprocessing = 0;
			shellPath = /bin/sh;
			shellScript = "\"${SRCROOT}/Pods/Target Support Files/Pods-IkmanAssignment/Pods-IkmanAssignment-frameworks.sh\"\n";
			showEnvVarsInLog = 0;
		};
/* End PBXShellScriptBuildPhase section */

/* Begin PBXSourcesBuildPhase section */
		922B0863216F8654007CA966 /* Sources */ = {
			isa = PBXSourcesBuildPhase;
			buildActionMask = 2147483647;
			files = (
				922B0873216F8654007CA966 /* IkmanAssignment.xcdatamodeld in Sources */,
				922B086D216F8654007CA966 /* ViewController.swift in Sources */,
				922B086B216F8654007CA966 /* AppDelegate.swift in Sources */,
			);
			runOnlyForDeploymentPostprocessing = 0;
		};
		922B087A216F8657007CA966 /* Sources */ = {
			isa = PBXSourcesBuildPhase;
			buildActionMask = 2147483647;
			files = (
				922B0883216F8657007CA966 /* IkmanAssignmentTests.swift in Sources */,
			);
			runOnlyForDeploymentPostprocessing = 0;
		};
		922B0885216F8657007CA966 /* Sources */ = {
			isa = PBXSourcesBuildPhase;
			buildActionMask = 2147483647;
			files = (
				922B088E216F8657007CA966 /* IkmanAssignmentUITests.swift in Sources */,
			);
			runOnlyForDeploymentPostprocessing = 0;
		};
/* End PBXSourcesBuildPhase section */

/* Begin PBXTargetDependency section */
		922B0880216F8657007CA966 /* PBXTargetDependency */ = {
			isa = PBXTargetDependency;
			target = 922B0866216F8654007CA966 /* IkmanAssignment */;
			targetProxy = 922B087F216F8657007CA966 /* PBXContainerItemProxy */;
		};
		922B088B216F8657007CA966 /* PBXTargetDependency */ = {
			isa = PBXTargetDependency;
			target = 922B0866216F8654007CA966 /* IkmanAssignment */;
			targetProxy = 922B088A216F8657007CA966 /* PBXContainerItemProxy */;
		};
/* End PBXTargetDependency section */

/* Begin PBXVariantGroup section */
		922B086E216F8654007CA966 /* Main.storyboard */ = {
			isa = PBXVariantGroup;
			children = (
				922B086F216F8654007CA966 /* Base */,
			);
			name = Main.storyboard;
			sourceTree = "<group>";
		};
		922B0876216F8657007CA966 /* LaunchScreen.storyboard */ = {
			isa = PBXVariantGroup;
			children = (
				922B0877216F8657007CA966 /* Base */,
			);
			name = LaunchScreen.storyboard;
			sourceTree = "<group>";
		};
/* End PBXVariantGroup section */

/* Begin XCBuildConfiguration section */
		922B0890216F8657007CA966 /* Debug */ = {
			isa = XCBuildConfiguration;
			buildSettings = {
				ALWAYS_SEARCH_USER_PATHS = NO;
				CLANG_ANALYZER_NONNULL = YES;
				CLANG_ANALYZER_NUMBER_OBJECT_CONVERSION = YES_AGGRESSIVE;
				CLANG_CXX_LANGUAGE_STANDARD = "gnu++14";
				CLANG_CXX_LIBRARY = "libc++";
				CLANG_ENABLE_MODULES = YES;
				CLANG_ENABLE_OBJC_ARC = YES;
				CLANG_ENABLE_OBJC_WEAK = YES;
				CLANG_WARN_BLOCK_CAPTURE_AUTORELEASING = YES;
				CLANG_WARN_BOOL_CONVERSION = YES;
				CLANG_WARN_COMMA = YES;
				CLANG_WARN_CONSTANT_CONVERSION = YES;
				CLANG_WARN_DEPRECATED_OBJC_IMPLEMENTATIONS = YES;
				CLANG_WARN_DIRECT_OBJC_ISA_USAGE = YES_ERROR;
				CLANG_WARN_DOCUMENTATION_COMMENTS = YES;
				CLANG_WARN_EMPTY_BODY = YES;
				CLANG_WARN_ENUM_CONVERSION = YES;
				CLANG_WARN_INFINITE_RECURSION = YES;
				CLANG_WARN_INT_CONVERSION = YES;
				CLANG_WARN_NON_LITERAL_NULL_CONVERSION = YES;
				CLANG_WARN_OBJC_IMPLICIT_RETAIN_SELF = YES;
				CLANG_WARN_OBJC_LITERAL_CONVERSION = YES;
				CLANG_WARN_OBJC_ROOT_CLASS = YES_ERROR;
				CLANG_WARN_RANGE_LOOP_ANALYSIS = YES;
				CLANG_WARN_STRICT_PROTOTYPES = YES;
				CLANG_WARN_SUSPICIOUS_MOVE = YES;
				CLANG_WARN_UNGUARDED_AVAILABILITY = YES_AGGRESSIVE;
				CLANG_WARN_UNREACHABLE_CODE = YES;
				CLANG_WARN__DUPLICATE_METHOD_MATCH = YES;
				CODE_SIGN_IDENTITY = "iPhone Developer";
				COPY_PHASE_STRIP = NO;
				DEBUG_INFORMATION_FORMAT = dwarf;
				ENABLE_STRICT_OBJC_MSGSEND = YES;
				ENABLE_TESTABILITY = YES;
				GCC_C_LANGUAGE_STANDARD = gnu11;
				GCC_DYNAMIC_NO_PIC = NO;
				GCC_NO_COMMON_BLOCKS = YES;
				GCC_OPTIMIZATION_LEVEL = 0;
				GCC_PREPROCESSOR_DEFINITIONS = (
					"DEBUG=1",
					"$(inherited)",
				);
				GCC_WARN_64_TO_32_BIT_CONVERSION = YES;
				GCC_WARN_ABOUT_RETURN_TYPE = YES_ERROR;
				GCC_WARN_UNDECLARED_SELECTOR = YES;
				GCC_WARN_UNINITIALIZED_AUTOS = YES_AGGRESSIVE;
				GCC_WARN_UNUSED_FUNCTION = YES;
				GCC_WARN_UNUSED_VARIABLE = YES;
				IPHONEOS_DEPLOYMENT_TARGET = 12.0;
				MTL_ENABLE_DEBUG_INFO = INCLUDE_SOURCE;
				MTL_FAST_MATH = YES;
				ONLY_ACTIVE_ARCH = YES;
				SDKROOT = iphoneos;
				SWIFT_ACTIVE_COMPILATION_CONDITIONS = DEBUG;
				SWIFT_OPTIMIZATION_LEVEL = "-Onone";
			};
			name = Debug;
		};
		922B0891216F8657007CA966 /* Release */ = {
			isa = XCBuildConfiguration;
			buildSettings = {
				ALWAYS_SEARCH_USER_PATHS = NO;
				CLANG_ANALYZER_NONNULL = YES;
				CLANG_ANALYZER_NUMBER_OBJECT_CONVERSION = YES_AGGRESSIVE;
				CLANG_CXX_LANGUAGE_STANDARD = "gnu++14";
				CLANG_CXX_LIBRARY = "libc++";
				CLANG_ENABLE_MODULES = YES;
				CLANG_ENABLE_OBJC_ARC = YES;
				CLANG_ENABLE_OBJC_WEAK = YES;
				CLANG_WARN_BLOCK_CAPTURE_AUTORELEASING = YES;
				CLANG_WARN_BOOL_CONVERSION = YES;
				CLANG_WARN_COMMA = YES;
				CLANG_WARN_CONSTANT_CONVERSION = YES;
				CLANG_WARN_DEPRECATED_OBJC_IMPLEMENTATIONS = YES;
				CLANG_WARN_DIRECT_OBJC_ISA_USAGE = YES_ERROR;
				CLANG_WARN_DOCUMENTATION_COMMENTS = YES;
				CLANG_WARN_EMPTY_BODY = YES;
				CLANG_WARN_ENUM_CONVERSION = YES;
				CLANG_WARN_INFINITE_RECURSION = YES;
				CLANG_WARN_INT_CONVERSION = YES;
				CLANG_WARN_NON_LITERAL_NULL_CONVERSION = YES;
				CLANG_WARN_OBJC_IMPLICIT_RETAIN_SELF = YES;
				CLANG_WARN_OBJC_LITERAL_CONVERSION = YES;
				CLANG_WARN_OBJC_ROOT_CLASS = YES_ERROR;
				CLANG_WARN_RANGE_LOOP_ANALYSIS = YES;
				CLANG_WARN_STRICT_PROTOTYPES = YES;
				CLANG_WARN_SUSPICIOUS_MOVE = YES;
				CLANG_WARN_UNGUARDED_AVAILABILITY = YES_AGGRESSIVE;
				CLANG_WARN_UNREACHABLE_CODE = YES;
				CLANG_WARN__DUPLICATE_METHOD_MATCH = YES;
				CODE_SIGN_IDENTITY = "iPhone Developer";
				COPY_PHASE_STRIP = NO;
				DEBUG_INFORMATION_FORMAT = "dwarf-with-dsym";
				ENABLE_NS_ASSERTIONS = NO;
				ENABLE_STRICT_OBJC_MSGSEND = YES;
				GCC_C_LANGUAGE_STANDARD = gnu11;
				GCC_NO_COMMON_BLOCKS = YES;
				GCC_WARN_64_TO_32_BIT_CONVERSION = YES;
				GCC_WARN_ABOUT_RETURN_TYPE = YES_ERROR;
				GCC_WARN_UNDECLARED_SELECTOR = YES;
				GCC_WARN_UNINITIALIZED_AUTOS = YES_AGGRESSIVE;
				GCC_WARN_UNUSED_FUNCTION = YES;
				GCC_WARN_UNUSED_VARIABLE = YES;
				IPHONEOS_DEPLOYMENT_TARGET = 12.0;
				MTL_ENABLE_DEBUG_INFO = NO;
				MTL_FAST_MATH = YES;
				SDKROOT = iphoneos;
				SWIFT_COMPILATION_MODE = wholemodule;
				SWIFT_OPTIMIZATION_LEVEL = "-O";
				VALIDATE_PRODUCT = YES;
			};
			name = Release;
		};
		922B0893216F8657007CA966 /* Debug */ = {
			isa = XCBuildConfiguration;
			baseConfigurationReference = D7A7C38F5E9E70792FA29E28 /* Pods-IkmanAssignment.debug.xcconfig */;
			buildSettings = {
				ASSETCATALOG_COMPILER_APPICON_NAME = AppIcon;
				CODE_SIGN_STYLE = Automatic;
				DEVELOPMENT_TEAM = K5Z3WPWS4G;
				INFOPLIST_FILE = IkmanAssignment/Info.plist;
				LD_RUNPATH_SEARCH_PATHS = (
					"$(inherited)",
					"@executable_path/Frameworks",
				);
				PRODUCT_BUNDLE_IDENTIFIER = com.hanushkasuren.IkmanAssignment;
				PRODUCT_NAME = "$(TARGET_NAME)";
				SWIFT_VERSION = 4.2;
				TARGETED_DEVICE_FAMILY = "1,2";
			};
			name = Debug;
		};
		922B0894216F8657007CA966 /* Release */ = {
			isa = XCBuildConfiguration;
			baseConfigurationReference = A97D8D98BDD23728919A719B /* Pods-IkmanAssignment.release.xcconfig */;
			buildSettings = {
				ASSETCATALOG_COMPILER_APPICON_NAME = AppIcon;
				CODE_SIGN_STYLE = Automatic;
				DEVELOPMENT_TEAM = K5Z3WPWS4G;
				INFOPLIST_FILE = IkmanAssignment/Info.plist;
				LD_RUNPATH_SEARCH_PATHS = (
					"$(inherited)",
					"@executable_path/Frameworks",
				);
				PRODUCT_BUNDLE_IDENTIFIER = com.hanushkasuren.IkmanAssignment;
				PRODUCT_NAME = "$(TARGET_NAME)";
				SWIFT_VERSION = 4.2;
				TARGETED_DEVICE_FAMILY = "1,2";
			};
			name = Release;
		};
		922B0896216F8657007CA966 /* Debug */ = {
			isa = XCBuildConfiguration;
			baseConfigurationReference = 33DE2D1BCD63EA2341CCF3A9 /* Pods-IkmanAssignmentTests.debug.xcconfig */;
			buildSettings = {
				ALWAYS_EMBED_SWIFT_STANDARD_LIBRARIES = YES;
				BUNDLE_LOADER = "$(TEST_HOST)";
				CODE_SIGN_STYLE = Automatic;
				DEVELOPMENT_TEAM = K5Z3WPWS4G;
				INFOPLIST_FILE = IkmanAssignmentTests/Info.plist;
				LD_RUNPATH_SEARCH_PATHS = (
					"$(inherited)",
					"@executable_path/Frameworks",
					"@loader_path/Frameworks",
				);
				PRODUCT_BUNDLE_IDENTIFIER = com.hanushkasuren.IkmanAssignmentTests;
				PRODUCT_NAME = "$(TARGET_NAME)";
				SWIFT_VERSION = 4.2;
				TARGETED_DEVICE_FAMILY = "1,2";
				TEST_HOST = "$(BUILT_PRODUCTS_DIR)/IkmanAssignment.app/IkmanAssignment";
			};
			name = Debug;
		};
		922B0897216F8657007CA966 /* Release */ = {
			isa = XCBuildConfiguration;
			baseConfigurationReference = 915F30D0173C5BDF26A90530 /* Pods-IkmanAssignmentTests.release.xcconfig */;
			buildSettings = {
				ALWAYS_EMBED_SWIFT_STANDARD_LIBRARIES = YES;
				BUNDLE_LOADER = "$(TEST_HOST)";
				CODE_SIGN_STYLE = Automatic;
				DEVELOPMENT_TEAM = K5Z3WPWS4G;
				INFOPLIST_FILE = IkmanAssignmentTests/Info.plist;
				LD_RUNPATH_SEARCH_PATHS = (
					"$(inherited)",
					"@executable_path/Frameworks",
					"@loader_path/Frameworks",
				);
				PRODUCT_BUNDLE_IDENTIFIER = com.hanushkasuren.IkmanAssignmentTests;
				PRODUCT_NAME = "$(TARGET_NAME)";
				SWIFT_VERSION = 4.2;
				TARGETED_DEVICE_FAMILY = "1,2";
				TEST_HOST = "$(BUILT_PRODUCTS_DIR)/IkmanAssignment.app/IkmanAssignment";
			};
			name = Release;
		};
		922B0899216F8657007CA966 /* Debug */ = {
			isa = XCBuildConfiguration;
			baseConfigurationReference = A10153ECA48CA7FE63A3CDB1 /* Pods-IkmanAssignmentUITests.debug.xcconfig */;
			buildSettings = {
				ALWAYS_EMBED_SWIFT_STANDARD_LIBRARIES = YES;
				CODE_SIGN_STYLE = Automatic;
				DEVELOPMENT_TEAM = K5Z3WPWS4G;
				INFOPLIST_FILE = IkmanAssignmentUITests/Info.plist;
				LD_RUNPATH_SEARCH_PATHS = (
					"$(inherited)",
					"@executable_path/Frameworks",
					"@loader_path/Frameworks",
				);
				PRODUCT_BUNDLE_IDENTIFIER = com.hanushkasuren.IkmanAssignmentUITests;
				PRODUCT_NAME = "$(TARGET_NAME)";
				SWIFT_VERSION = 4.2;
				TARGETED_DEVICE_FAMILY = "1,2";
				TEST_TARGET_NAME = IkmanAssignment;
			};
			name = Debug;
		};
		922B089A216F8657007CA966 /* Release */ = {
			isa = XCBuildConfiguration;
			baseConfigurationReference = B733B8236322D5DCB865E5DF /* Pods-IkmanAssignmentUITests.release.xcconfig */;
			buildSettings = {
				ALWAYS_EMBED_SWIFT_STANDARD_LIBRARIES = YES;
				CODE_SIGN_STYLE = Automatic;
				DEVELOPMENT_TEAM = K5Z3WPWS4G;
				INFOPLIST_FILE = IkmanAssignmentUITests/Info.plist;
				LD_RUNPATH_SEARCH_PATHS = (
					"$(inherited)",
					"@executable_path/Frameworks",
					"@loader_path/Frameworks",
				);
				PRODUCT_BUNDLE_IDENTIFIER = com.hanushkasuren.IkmanAssignmentUITests;
				PRODUCT_NAME = "$(TARGET_NAME)";
				SWIFT_VERSION = 4.2;
				TARGETED_DEVICE_FAMILY = "1,2";
				TEST_TARGET_NAME = IkmanAssignment;
			};
			name = Release;
		};
/* End XCBuildConfiguration section */

/* Begin XCConfigurationList section */
		922B0862216F8654007CA966 /* Build configuration list for PBXProject "IkmanAssignment" */ = {
			isa = XCConfigurationList;
			buildConfigurations = (
				922B0890216F8657007CA966 /* Debug */,
				922B0891216F8657007CA966 /* Release */,
			);
			defaultConfigurationIsVisible = 0;
			defaultConfigurationName = Release;
		};
		922B0892216F8657007CA966 /* Build configuration list for PBXNativeTarget "IkmanAssignment" */ = {
			isa = XCConfigurationList;
			buildConfigurations = (
				922B0893216F8657007CA966 /* Debug */,
				922B0894216F8657007CA966 /* Release */,
			);
			defaultConfigurationIsVisible = 0;
			defaultConfigurationName = Release;
		};
		922B0895216F8657007CA966 /* Build configuration list for PBXNativeTarget "IkmanAssignmentTests" */ = {
			isa = XCConfigurationList;
			buildConfigurations = (
				922B0896216F8657007CA966 /* Debug */,
				922B0897216F8657007CA966 /* Release */,
			);
			defaultConfigurationIsVisible = 0;
			defaultConfigurationName = Release;
		};
		922B0898216F8657007CA966 /* Build configuration list for PBXNativeTarget "IkmanAssignmentUITests" */ = {
			isa = XCConfigurationList;
			buildConfigurations = (
				922B0899216F8657007CA966 /* Debug */,
				922B089A216F8657007CA966 /* Release */,
			);
			defaultConfigurationIsVisible = 0;
			defaultConfigurationName = Release;
		};
/* End XCConfigurationList section */

/* Begin XCVersionGroup section */
		922B0871216F8654007CA966 /* IkmanAssignment.xcdatamodeld */ = {
			isa = XCVersionGroup;
			children = (
				922B0872216F8654007CA966 /* IkmanAssignment.xcdatamodel */,
			);
			currentVersion = 922B0872216F8654007CA966 /* IkmanAssignment.xcdatamodel */;
			path = IkmanAssignment.xcdatamodeld;
			sourceTree = "<group>";
			versionGroupType = wrapper.xcdatamodel;
		};
/* End XCVersionGroup section */
	};
	rootObject = 922B085F216F8654007CA966 /* Project object */;
}
